// !$*UTF8*$!
{
	archiveVersion = 1;
	classes = {
	};
	objectVersion = 55;
	objects = {

/* Begin PBXBuildFile section */
		DAEDED2C2774A67300CCD85A /* mobile_core_iosApp.swift in Sources */ = {isa = PBXBuildFile; fileRef = DAEDED2B2774A67300CCD85A /* mobile_core_iosApp.swift */; };
		DAEDED2E2774A67300CCD85A /* ContentView.swift in Sources */ = {isa = PBXBuildFile; fileRef = DAEDED2D2774A67300CCD85A /* ContentView.swift */; };
		DAEDED302774A67500CCD85A /* Assets.xcassets in Resources */ = {isa = PBXBuildFile; fileRef = DAEDED2F2774A67500CCD85A /* Assets.xcassets */; };
		DAEDED332774A67500CCD85A /* Preview Assets.xcassets in Resources */ = {isa = PBXBuildFile; fileRef = DAEDED322774A67500CCD85A /* Preview Assets.xcassets */; };
		DAEDED402774AADD00CCD85A /* libffi.a in Frameworks */ = {isa = PBXBuildFile; fileRef = DAEDED3D2774AADC00CCD85A /* libffi.a */; };
		DAEDED412774AADD00CCD85A /* libHSmobile-core-0.1.0.0-HfUuggbqw4DC9ci8Blc8Tf-ghc8.10.7.a in Frameworks */ = {isa = PBXBuildFile; fileRef = DAEDED3E2774AADC00CCD85A /* libHSmobile-core-0.1.0.0-HfUuggbqw4DC9ci8Blc8Tf-ghc8.10.7.a */; };
		DAEDED422774AADD00CCD85A /* libgmp.a in Frameworks */ = {isa = PBXBuildFile; fileRef = DAEDED3F2774AADD00CCD85A /* libgmp.a */; };
/* End PBXBuildFile section */

/* Begin PBXFileReference section */
		DAEDED282774A67300CCD85A /* mobile-core-ios.app */ = {isa = PBXFileReference; explicitFileType = wrapper.application; includeInIndex = 0; path = "mobile-core-ios.app"; sourceTree = BUILT_PRODUCTS_DIR; };
		DAEDED2B2774A67300CCD85A /* mobile_core_iosApp.swift */ = {isa = PBXFileReference; lastKnownFileType = sourcecode.swift; path = mobile_core_iosApp.swift; sourceTree = "<group>"; };
		DAEDED2D2774A67300CCD85A /* ContentView.swift */ = {isa = PBXFileReference; lastKnownFileType = sourcecode.swift; path = ContentView.swift; sourceTree = "<group>"; };
		DAEDED2F2774A67500CCD85A /* Assets.xcassets */ = {isa = PBXFileReference; lastKnownFileType = folder.assetcatalog; path = Assets.xcassets; sourceTree = "<group>"; };
		DAEDED322774A67500CCD85A /* Preview Assets.xcassets */ = {isa = PBXFileReference; lastKnownFileType = folder.assetcatalog; path = "Preview Assets.xcassets"; sourceTree = "<group>"; };
		DAEDED392774A85100CCD85A /* mobile-core-ios-Bridging-Header.h */ = {isa = PBXFileReference; lastKnownFileType = sourcecode.c.h; path = "mobile-core-ios-Bridging-Header.h"; sourceTree = "<group>"; };
		DAEDED3D2774AADC00CCD85A /* libffi.a */ = {isa = PBXFileReference; lastKnownFileType = archive.ar; path = libffi.a; sourceTree = "<group>"; };
		DAEDED3E2774AADC00CCD85A /* libHSmobile-core-0.1.0.0-HfUuggbqw4DC9ci8Blc8Tf-ghc8.10.7.a */ = {isa = PBXFileReference; lastKnownFileType = archive.ar; path = "libHSmobile-core-0.1.0.0-HfUuggbqw4DC9ci8Blc8Tf-ghc8.10.7.a"; sourceTree = "<group>"; };
		DAEDED3F2774AADD00CCD85A /* libgmp.a */ = {isa = PBXFileReference; lastKnownFileType = archive.ar; path = libgmp.a; sourceTree = "<group>"; };
/* End PBXFileReference section */

/* Begin PBXFrameworksBuildPhase section */
		DAEDED252774A67300CCD85A /* Frameworks */ = {
			isa = PBXFrameworksBuildPhase;
			buildActionMask = 2147483647;
			files = (
				DAEDED402774AADD00CCD85A /* libffi.a in Frameworks */,
				DAEDED422774AADD00CCD85A /* libgmp.a in Frameworks */,
				DAEDED412774AADD00CCD85A /* libHSmobile-core-0.1.0.0-HfUuggbqw4DC9ci8Blc8Tf-ghc8.10.7.a in Frameworks */,
			);
			runOnlyForDeploymentPostprocessing = 0;
		};
/* End PBXFrameworksBuildPhase section */

/* Begin PBXGroup section */
		DAEDED1F2774A67300CCD85A = {
			isa = PBXGroup;
			children = (
				DAEDED3C2774AABB00CCD85A /* Libraries */,
				DAEDED2A2774A67300CCD85A /* mobile-core-ios */,
				DAEDED292774A67300CCD85A /* Products */,
			);
			sourceTree = "<group>";
		};
		DAEDED292774A67300CCD85A /* Products */ = {
			isa = PBXGroup;
			children = (
				DAEDED282774A67300CCD85A /* mobile-core-ios.app */,
			);
			name = Products;
			sourceTree = "<group>";
		};
		DAEDED2A2774A67300CCD85A /* mobile-core-ios */ = {
			isa = PBXGroup;
			children = (
				DAEDED2B2774A67300CCD85A /* mobile_core_iosApp.swift */,
				DAEDED2D2774A67300CCD85A /* ContentView.swift */,
				DAEDED2F2774A67500CCD85A /* Assets.xcassets */,
				DAEDED312774A67500CCD85A /* Preview Content */,
				DAEDED392774A85100CCD85A /* mobile-core-ios-Bridging-Header.h */,
			);
			path = "mobile-core-ios";
			sourceTree = "<group>";
		};
		DAEDED312774A67500CCD85A /* Preview Content */ = {
			isa = PBXGroup;
			children = (
				DAEDED322774A67500CCD85A /* Preview Assets.xcassets */,
			);
			path = "Preview Content";
			sourceTree = "<group>";
		};
		DAEDED3C2774AABB00CCD85A /* Libraries */ = {
			isa = PBXGroup;
			children = (
				DAEDED3D2774AADC00CCD85A /* libffi.a */,
				DAEDED3F2774AADD00CCD85A /* libgmp.a */,
				DAEDED3E2774AADC00CCD85A /* libHSmobile-core-0.1.0.0-HfUuggbqw4DC9ci8Blc8Tf-ghc8.10.7.a */,
			);
			path = Libraries;
			sourceTree = "<group>";
		};
/* End PBXGroup section */

/* Begin PBXNativeTarget section */
		DAEDED272774A67300CCD85A /* mobile-core-ios */ = {
			isa = PBXNativeTarget;
			buildConfigurationList = DAEDED362774A67500CCD85A /* Build configuration list for PBXNativeTarget "mobile-core-ios" */;
			buildPhases = (
				DAEDED242774A67300CCD85A /* Sources */,
				DAEDED252774A67300CCD85A /* Frameworks */,
				DAEDED262774A67300CCD85A /* Resources */,
			);
			buildRules = (
			);
			dependencies = (
			);
			name = "mobile-core-ios";
			productName = "mobile-core-ios";
			productReference = DAEDED282774A67300CCD85A /* mobile-core-ios.app */;
			productType = "com.apple.product-type.application";
		};
/* End PBXNativeTarget section */

/* Begin PBXProject section */
		DAEDED202774A67300CCD85A /* Project object */ = {
			isa = PBXProject;
			attributes = {
				BuildIndependentTargetsInParallel = 1;
				LastSwiftUpdateCheck = 1320;
				LastUpgradeCheck = 1320;
				TargetAttributes = {
					DAEDED272774A67300CCD85A = {
						CreatedOnToolsVersion = 13.2.1;
						LastSwiftMigration = 1320;
					};
				};
			};
			buildConfigurationList = DAEDED232774A67300CCD85A /* Build configuration list for PBXProject "mobile-core-ios" */;
			compatibilityVersion = "Xcode 13.0";
			developmentRegion = en;
			hasScannedForEncodings = 0;
			knownRegions = (
				en,
				Base,
			);
			mainGroup = DAEDED1F2774A67300CCD85A;
			productRefGroup = DAEDED292774A67300CCD85A /* Products */;
			projectDirPath = "";
			projectRoot = "";
			targets = (
				DAEDED272774A67300CCD85A /* mobile-core-ios */,
			);
		};
/* End PBXProject section */

/* Begin PBXResourcesBuildPhase section */
		DAEDED262774A67300CCD85A /* Resources */ = {
			isa = PBXResourcesBuildPhase;
			buildActionMask = 2147483647;
			files = (
				DAEDED332774A67500CCD85A /* Preview Assets.xcassets in Resources */,
				DAEDED302774A67500CCD85A /* Assets.xcassets in Resources */,
			);
			runOnlyForDeploymentPostprocessing = 0;
		};
/* End PBXResourcesBuildPhase section */

/* Begin PBXSourcesBuildPhase section */
		DAEDED242774A67300CCD85A /* Sources */ = {
			isa = PBXSourcesBuildPhase;
			buildActionMask = 2147483647;
			files = (
				DAEDED2E2774A67300CCD85A /* ContentView.swift in Sources */,
				DAEDED2C2774A67300CCD85A /* mobile_core_iosApp.swift in Sources */,
			);
			runOnlyForDeploymentPostprocessing = 0;
		};
/* End PBXSourcesBuildPhase section */

/* Begin XCBuildConfiguration section */
		DAEDED342774A67500CCD85A /* Debug */ = {
			isa = XCBuildConfiguration;
			buildSettings = {
				ALWAYS_SEARCH_USER_PATHS = NO;
				CLANG_ANALYZER_NONNULL = YES;
				CLANG_ANALYZER_NUMBER_OBJECT_CONVERSION = YES_AGGRESSIVE;
				CLANG_CXX_LANGUAGE_STANDARD = "gnu++17";
				CLANG_CXX_LIBRARY = "libc++";
				CLANG_ENABLE_MODULES = YES;
				CLANG_ENABLE_OBJC_ARC = YES;
				CLANG_ENABLE_OBJC_WEAK = YES;
				CLANG_WARN_BLOCK_CAPTURE_AUTORELEASING = YES;
				CLANG_WARN_BOOL_CONVERSION = YES;
				CLANG_WARN_COMMA = YES;
				CLANG_WARN_CONSTANT_CONVERSION = YES;
				CLANG_WARN_DEPRECATED_OBJC_IMPLEMENTATIONS = YES;
				CLANG_WARN_DIRECT_OBJC_ISA_USAGE = YES_ERROR;
				CLANG_WARN_DOCUMENTATION_COMMENTS = YES;
				CLANG_WARN_EMPTY_BODY = YES;
				CLANG_WARN_ENUM_CONVERSION = YES;
				CLANG_WARN_INFINITE_RECURSION = YES;
				CLANG_WARN_INT_CONVERSION = YES;
				CLANG_WARN_NON_LITERAL_NULL_CONVERSION = YES;
				CLANG_WARN_OBJC_IMPLICIT_RETAIN_SELF = YES;
				CLANG_WARN_OBJC_LITERAL_CONVERSION = YES;
				CLANG_WARN_OBJC_ROOT_CLASS = YES_ERROR;
				CLANG_WARN_QUOTED_INCLUDE_IN_FRAMEWORK_HEADER = YES;
				CLANG_WARN_RANGE_LOOP_ANALYSIS = YES;
				CLANG_WARN_STRICT_PROTOTYPES = YES;
				CLANG_WARN_SUSPICIOUS_MOVE = YES;
				CLANG_WARN_UNGUARDED_AVAILABILITY = YES_AGGRESSIVE;
				CLANG_WARN_UNREACHABLE_CODE = YES;
				CLANG_WARN__DUPLICATE_METHOD_MATCH = YES;
				COPY_PHASE_STRIP = NO;
				DEBUG_INFORMATION_FORMAT = dwarf;
				ENABLE_BITCODE = NO;
				ENABLE_STRICT_OBJC_MSGSEND = YES;
				ENABLE_TESTABILITY = YES;
				GCC_C_LANGUAGE_STANDARD = gnu11;
				GCC_DYNAMIC_NO_PIC = NO;
				GCC_NO_COMMON_BLOCKS = YES;
				GCC_OPTIMIZATION_LEVEL = 0;
				GCC_PREPROCESSOR_DEFINITIONS = (
					"DEBUG=1",
					"$(inherited)",
				);
				GCC_WARN_64_TO_32_BIT_CONVERSION = YES;
				GCC_WARN_ABOUT_RETURN_TYPE = YES_ERROR;
				GCC_WARN_UNDECLARED_SELECTOR = YES;
				GCC_WARN_UNINITIALIZED_AUTOS = YES_AGGRESSIVE;
				GCC_WARN_UNUSED_FUNCTION = YES;
				GCC_WARN_UNUSED_VARIABLE = YES;
				IPHONEOS_DEPLOYMENT_TARGET = 15.2;
				MTL_ENABLE_DEBUG_INFO = INCLUDE_SOURCE;
				MTL_FAST_MATH = YES;
				ONLY_ACTIVE_ARCH = YES;
				SDKROOT = iphoneos;
				SWIFT_ACTIVE_COMPILATION_CONDITIONS = DEBUG;
				SWIFT_OPTIMIZATION_LEVEL = "-Onone";
			};
			name = Debug;
		};
		DAEDED352774A67500CCD85A /* Release */ = {
			isa = XCBuildConfiguration;
			buildSettings = {
				ALWAYS_SEARCH_USER_PATHS = NO;
				CLANG_ANALYZER_NONNULL = YES;
				CLANG_ANALYZER_NUMBER_OBJECT_CONVERSION = YES_AGGRESSIVE;
				CLANG_CXX_LANGUAGE_STANDARD = "gnu++17";
				CLANG_CXX_LIBRARY = "libc++";
				CLANG_ENABLE_MODULES = YES;
				CLANG_ENABLE_OBJC_ARC = YES;
				CLANG_ENABLE_OBJC_WEAK = YES;
				CLANG_WARN_BLOCK_CAPTURE_AUTORELEASING = YES;
				CLANG_WARN_BOOL_CONVERSION = YES;
				CLANG_WARN_COMMA = YES;
				CLANG_WARN_CONSTANT_CONVERSION = YES;
				CLANG_WARN_DEPRECATED_OBJC_IMPLEMENTATIONS = YES;
				CLANG_WARN_DIRECT_OBJC_ISA_USAGE = YES_ERROR;
				CLANG_WARN_DOCUMENTATION_COMMENTS = YES;
				CLANG_WARN_EMPTY_BODY = YES;
				CLANG_WARN_ENUM_CONVERSION = YES;
				CLANG_WARN_INFINITE_RECURSION = YES;
				CLANG_WARN_INT_CONVERSION = YES;
				CLANG_WARN_NON_LITERAL_NULL_CONVERSION = YES;
				CLANG_WARN_OBJC_IMPLICIT_RETAIN_SELF = YES;
				CLANG_WARN_OBJC_LITERAL_CONVERSION = YES;
				CLANG_WARN_OBJC_ROOT_CLASS = YES_ERROR;
				CLANG_WARN_QUOTED_INCLUDE_IN_FRAMEWORK_HEADER = YES;
				CLANG_WARN_RANGE_LOOP_ANALYSIS = YES;
				CLANG_WARN_STRICT_PROTOTYPES = YES;
				CLANG_WARN_SUSPICIOUS_MOVE = YES;
				CLANG_WARN_UNGUARDED_AVAILABILITY = YES_AGGRESSIVE;
				CLANG_WARN_UNREACHABLE_CODE = YES;
				CLANG_WARN__DUPLICATE_METHOD_MATCH = YES;
				COPY_PHASE_STRIP = NO;
				DEBUG_INFORMATION_FORMAT = "dwarf-with-dsym";
				ENABLE_BITCODE = NO;
				ENABLE_NS_ASSERTIONS = NO;
				ENABLE_STRICT_OBJC_MSGSEND = YES;
				GCC_C_LANGUAGE_STANDARD = gnu11;
				GCC_NO_COMMON_BLOCKS = YES;
				GCC_WARN_64_TO_32_BIT_CONVERSION = YES;
				GCC_WARN_ABOUT_RETURN_TYPE = YES_ERROR;
				GCC_WARN_UNDECLARED_SELECTOR = YES;
				GCC_WARN_UNINITIALIZED_AUTOS = YES_AGGRESSIVE;
				GCC_WARN_UNUSED_FUNCTION = YES;
				GCC_WARN_UNUSED_VARIABLE = YES;
				IPHONEOS_DEPLOYMENT_TARGET = 15.2;
				MTL_ENABLE_DEBUG_INFO = NO;
				MTL_FAST_MATH = YES;
				SDKROOT = iphoneos;
				SWIFT_COMPILATION_MODE = wholemodule;
				SWIFT_OPTIMIZATION_LEVEL = "-O";
				VALIDATE_PRODUCT = YES;
			};
			name = Release;
		};
		DAEDED372774A67500CCD85A /* Debug */ = {
			isa = XCBuildConfiguration;
			buildSettings = {
				ASSETCATALOG_COMPILER_APPICON_NAME = AppIcon;
				ASSETCATALOG_COMPILER_GLOBAL_ACCENT_COLOR_NAME = AccentColor;
				CLANG_ENABLE_MODULES = YES;
				CODE_SIGN_STYLE = Automatic;
				CURRENT_PROJECT_VERSION = 1;
				DEVELOPMENT_ASSET_PATHS = "\"mobile-core-ios/Preview Content\"";
				ENABLE_PREVIEWS = YES;
				GENERATE_INFOPLIST_FILE = YES;
				INFOPLIST_KEY_UIApplicationSceneManifest_Generation = YES;
				INFOPLIST_KEY_UIApplicationSupportsIndirectInputEvents = YES;
				INFOPLIST_KEY_UILaunchScreen_Generation = YES;
				INFOPLIST_KEY_UISupportedInterfaceOrientations_iPad = "UIInterfaceOrientationPortrait UIInterfaceOrientationPortraitUpsideDown UIInterfaceOrientationLandscapeLeft UIInterfaceOrientationLandscapeRight";
				INFOPLIST_KEY_UISupportedInterfaceOrientations_iPhone = "UIInterfaceOrientationPortrait UIInterfaceOrientationLandscapeLeft UIInterfaceOrientationLandscapeRight";
				IPHONEOS_DEPLOYMENT_TARGET = 14.0;
				LD_RUNPATH_SEARCH_PATHS = (
					"$(inherited)",
					"@executable_path/Frameworks",
				);
				LIBRARY_SEARCH_PATHS = (
					"$(inherited)",
					"$(PROJECT_DIR)/Libraries",
				);
				MARKETING_VERSION = 1.0;
				PRODUCT_BUNDLE_IDENTIFIER = "com.zw3rk.mobile-core-ios";
				PRODUCT_NAME = "$(TARGET_NAME)";
				SWIFT_EMIT_LOC_STRINGS = YES;
				SWIFT_OBJC_BRIDGING_HEADER = "mobile-core-ios/mobile-core-ios-Bridging-Header.h";
				SWIFT_OPTIMIZATION_LEVEL = "-Onone";
				SWIFT_VERSION = 5.0;
				TARGETED_DEVICE_FAMILY = "1,2";
			};
			name = Debug;
		};
		DAEDED382774A67500CCD85A /* Release */ = {
			isa = XCBuildConfiguration;
			buildSettings = {
				ASSETCATALOG_COMPILER_APPICON_NAME = AppIcon;
				ASSETCATALOG_COMPILER_GLOBAL_ACCENT_COLOR_NAME = AccentColor;
				CLANG_ENABLE_MODULES = YES;
				CODE_SIGN_STYLE = Automatic;
				CURRENT_PROJECT_VERSION = 1;
				DEVELOPMENT_ASSET_PATHS = "\"mobile-core-ios/Preview Content\"";
				ENABLE_PREVIEWS = YES;
				GENERATE_INFOPLIST_FILE = YES;
				INFOPLIST_KEY_UIApplicationSceneManifest_Generation = YES;
				INFOPLIST_KEY_UIApplicationSupportsIndirectInputEvents = YES;
				INFOPLIST_KEY_UILaunchScreen_Generation = YES;
				INFOPLIST_KEY_UISupportedInterfaceOrientations_iPad = "UIInterfaceOrientationPortrait UIInterfaceOrientationPortraitUpsideDown UIInterfaceOrientationLandscapeLeft UIInterfaceOrientationLandscapeRight";
				INFOPLIST_KEY_UISupportedInterfaceOrientations_iPhone = "UIInterfaceOrientationPortrait UIInterfaceOrientationLandscapeLeft UIInterfaceOrientationLandscapeRight";
				IPHONEOS_DEPLOYMENT_TARGET = 14.0;
				LD_RUNPATH_SEARCH_PATHS = (
					"$(inherited)",
					"@executable_path/Frameworks",
				);
				LIBRARY_SEARCH_PATHS = (
					"$(inherited)",
					"$(PROJECT_DIR)/Libraries",
				);
				MARKETING_VERSION = 1.0;
				PRODUCT_BUNDLE_IDENTIFIER = "com.zw3rk.mobile-core-ios";
				PRODUCT_NAME = "$(TARGET_NAME)";
				SWIFT_EMIT_LOC_STRINGS = YES;
				SWIFT_OBJC_BRIDGING_HEADER = "mobile-core-ios/mobile-core-ios-Bridging-Header.h";
				SWIFT_VERSION = 5.0;
				TARGETED_DEVICE_FAMILY = "1,2";
			};
			name = Release;
		};
/* End XCBuildConfiguration section */

/* Begin XCConfigurationList section */
		DAEDED232774A67300CCD85A /* Build configuration list for PBXProject "mobile-core-ios" */ = {
			isa = XCConfigurationList;
			buildConfigurations = (
				DAEDED342774A67500CCD85A /* Debug */,
				DAEDED352774A67500CCD85A /* Release */,
			);
			defaultConfigurationIsVisible = 0;
			defaultConfigurationName = Release;
		};
		DAEDED362774A67500CCD85A /* Build configuration list for PBXNativeTarget "mobile-core-ios" */ = {
			isa = XCConfigurationList;
			buildConfigurations = (
				DAEDED372774A67500CCD85A /* Debug */,
				DAEDED382774A67500CCD85A /* Release */,
			);
			defaultConfigurationIsVisible = 0;
			defaultConfigurationName = Release;
		};
/* End XCConfigurationList section */
	};
	rootObject = DAEDED202774A67300CCD85A /* Project object */;
}
